
Microsoft Visual Studio Solution File, Format Version 12.00
# Visual Studio Version 16
VisualStudioVersion = 16.0.31613.86
MinimumVisualStudioVersion = 10.0.40219.1
Project("{FAE04EC0-301F-11D3-BF4B-00C04F79EFBC}") = "Datos", "Datos\Datos.csproj", "{745CD04A-DA47-495A-86CB-954B64DDC2C4}"
EndProject
Project("{FAE04EC0-301F-11D3-BF4B-00C04F79EFBC}") = "Negocios", "Negocios\Negocios.csproj", "{FE80EDA1-5EBB-4CBC-BCAE-B5EFE632CE22}"
EndProject
Project("{FAE04EC0-301F-11D3-BF4B-00C04F79EFBC}") = "Entidades", "Entidades\Entidades.csproj", "{048B2680-1602-4E48-8B86-B3AFA0A650EF}"
EndProject
Project("{FAE04EC0-301F-11D3-BF4B-00C04F79EFBC}") = "Vistas", "Vistas\Vistas.csproj", "{E563127E-3024-42C2-99B7-FE264D47C854}"
EndProject
Global
	GlobalSection(SolutionConfigurationPlatforms) = preSolution
		Debug|Any CPU = Debug|Any CPU
		Release|Any CPU = Release|Any CPU
	EndGlobalSection
	GlobalSection(ProjectConfigurationPlatforms) = postSolution
		{745CD04A-DA47-495A-86CB-954B64DDC2C4}.Debug|Any CPU.ActiveCfg = Debug|Any CPU
		{745CD04A-DA47-495A-86CB-954B64DDC2C4}.Debug|Any CPU.Build.0 = Debug|Any CPU
		{745CD04A-DA47-495A-86CB-954B64DDC2C4}.Release|Any CPU.ActiveCfg = Release|Any CPU
		{745CD04A-DA47-495A-86CB-954B64DDC2C4}.Release|Any CPU.Build.0 = Release|Any CPU
		{FE80EDA1-5EBB-4CBC-BCAE-B5EFE632CE22}.Debug|Any CPU.ActiveCfg = Debug|Any CPU
		{FE80EDA1-5EBB-4CBC-BCAE-B5EFE632CE22}.Debug|Any CPU.Build.0 = Debug|Any CPU
		{FE80EDA1-5EBB-4CBC-BCAE-B5EFE632CE22}.Release|Any CPU.ActiveCfg = Release|Any CPU
		{FE80EDA1-5EBB-4CBC-BCAE-B5EFE632CE22}.Release|Any CPU.Build.0 = Release|Any CPU
		{048B2680-1602-4E48-8B86-B3AFA0A650EF}.Debug|Any CPU.ActiveCfg = Debug|Any CPU
		{048B2680-1602-4E48-8B86-B3AFA0A650EF}.Debug|Any CPU.Build.0 = Debug|Any CPU
		{048B2680-1602-4E48-8B86-B3AFA0A650EF}.Release|Any CPU.ActiveCfg = Release|Any CPU
		{048B2680-1602-4E48-8B86-B3AFA0A650EF}.Release|Any CPU.Build.0 = Release|Any CPU
		{E563127E-3024-42C2-99B7-FE264D47C854}.Debug|Any CPU.ActiveCfg = Debug|Any CPU
		{E563127E-3024-42C2-99B7-FE264D47C854}.Debug|Any CPU.Build.0 = Debug|Any CPU
		{E563127E-3024-42C2-99B7-FE264D47C854}.Release|Any CPU.ActiveCfg = Release|Any CPU
		{E563127E-3024-42C2-99B7-FE264D47C854}.Release|Any CPU.Build.0 = Release|Any CPU
	EndGlobalSection
	GlobalSection(SolutionProperties) = preSolution
		HideSolutionNode = FALSE
	EndGlobalSection
	GlobalSection(ExtensibilityGlobals) = postSolution
		SolutionGuid = {795C9961-E692-4769-AD92-A4777CC3AF68}
	EndGlobalSection
EndGlobal
